// !$*UTF8*$!
{
	archiveVersion = 1;
	classes = {
	};
	objectVersion = 56;
	objects = {

/* Begin PBXBuildFile section */
		C238A5F729C49D5300F4DC09 /* RMCharacterListViewViewModel.swift in Sources */ = {isa = PBXBuildFile; fileRef = C238A5F629C49D5300F4DC09 /* RMCharacterListViewViewModel.swift */; };
		C238A5F929C49DC500F4DC09 /* RMCharacterListView.swift in Sources */ = {isa = PBXBuildFile; fileRef = C238A5F829C49DC500F4DC09 /* RMCharacterListView.swift */; };
		C238A5FB29C4A94B00F4DC09 /* Extensions.swift in Sources */ = {isa = PBXBuildFile; fileRef = C238A5FA29C4A94B00F4DC09 /* Extensions.swift */; };
		C238A5FD29C5AA4700F4DC09 /* RMCharacterCollectionViewCell.swift in Sources */ = {isa = PBXBuildFile; fileRef = C238A5FC29C5AA4700F4DC09 /* RMCharacterCollectionViewCell.swift */; };
		C238A5FF29C5ABB800F4DC09 /* RMCharacterCollectionViewCellViewModel.swift in Sources */ = {isa = PBXBuildFile; fileRef = C238A5FE29C5ABB800F4DC09 /* RMCharacterCollectionViewCellViewModel.swift */; };
		C238A60229C5CBB000F4DC09 /* RMCharacterDetailViewController.swift in Sources */ = {isa = PBXBuildFile; fileRef = C238A60129C5CBB000F4DC09 /* RMCharacterDetailViewController.swift */; };
		C238A60429C5CC4200F4DC09 /* RMCharacterDetailView.swift in Sources */ = {isa = PBXBuildFile; fileRef = C238A60329C5CC4200F4DC09 /* RMCharacterDetailView.swift */; };
		C238A60629C5CC6500F4DC09 /* RMCharacterDetailViewViewModel.swift in Sources */ = {isa = PBXBuildFile; fileRef = C238A60529C5CC6500F4DC09 /* RMCharacterDetailViewViewModel.swift */; };
		C23A91E329C5D3F200427509 /* RMFooterLoadingCollectionReusableView.swift in Sources */ = {isa = PBXBuildFile; fileRef = C23A91E229C5D3F200427509 /* RMFooterLoadingCollectionReusableView.swift */; };
		C23A91E529C721E900427509 /* RMImageLoader.swift in Sources */ = {isa = PBXBuildFile; fileRef = C23A91E429C721E900427509 /* RMImageLoader.swift */; };
		C23A91E929CF0F6100427509 /* RMCharacterPhotoCollectionViewCell.swift in Sources */ = {isa = PBXBuildFile; fileRef = C23A91E829CF0F6100427509 /* RMCharacterPhotoCollectionViewCell.swift */; };
		C23A91EB29CF0F8300427509 /* RMCharacterInfoCollectionViewCell.swift in Sources */ = {isa = PBXBuildFile; fileRef = C23A91EA29CF0F8300427509 /* RMCharacterInfoCollectionViewCell.swift */; };
		C23A91ED29CF0F9E00427509 /* RMCharacterEpisodeCollectionViewCell.swift in Sources */ = {isa = PBXBuildFile; fileRef = C23A91EC29CF0F9E00427509 /* RMCharacterEpisodeCollectionViewCell.swift */; };
		C23A91F029CF0FF300427509 /* RMCharacterPhotoCollectionViewCellViewModel.swift in Sources */ = {isa = PBXBuildFile; fileRef = C23A91EF29CF0FF300427509 /* RMCharacterPhotoCollectionViewCellViewModel.swift */; };
		C23A91F229CF100100427509 /* RMCharacterInfoCollectionViewCellViewModel.swift in Sources */ = {isa = PBXBuildFile; fileRef = C23A91F129CF100100427509 /* RMCharacterInfoCollectionViewCellViewModel.swift */; };
		C23A91F429CF100B00427509 /* RMCharacterEpisodeCollectionViewCellViewModel.swift in Sources */ = {isa = PBXBuildFile; fileRef = C23A91F329CF100B00427509 /* RMCharacterEpisodeCollectionViewCellViewModel.swift */; };
		C24509DC2A84BCF000B5B6DC /* RMLocationDetailViewViewModel.swift in Sources */ = {isa = PBXBuildFile; fileRef = C24509DB2A84BCF000B5B6DC /* RMLocationDetailViewViewModel.swift */; };
		C24509DF2A84DB8700B5B6DC /* RMSearchView.swift in Sources */ = {isa = PBXBuildFile; fileRef = C24509DE2A84DB8700B5B6DC /* RMSearchView.swift */; };
		C24509E12A84DC0700B5B6DC /* RMSearchViewViewModel.swift in Sources */ = {isa = PBXBuildFile; fileRef = C24509E02A84DC0700B5B6DC /* RMSearchViewViewModel.swift */; };
		C24509E32A84DE3A00B5B6DC /* RMNoSearchResultsView.swift in Sources */ = {isa = PBXBuildFile; fileRef = C24509E22A84DE3A00B5B6DC /* RMNoSearchResultsView.swift */; };
		C24509E62A84DE6400B5B6DC /* RMNoSearchResultsViewViewModel.swift in Sources */ = {isa = PBXBuildFile; fileRef = C24509E52A84DE6400B5B6DC /* RMNoSearchResultsViewViewModel.swift */; };
		C24509EA2A84DF7500B5B6DC /* RMSearchInputView.swift in Sources */ = {isa = PBXBuildFile; fileRef = C24509E92A84DF7500B5B6DC /* RMSearchInputView.swift */; };
		C24509EC2A84DF8E00B5B6DC /* RMSearchInputViewViewModel.swift in Sources */ = {isa = PBXBuildFile; fileRef = C24509EB2A84DF8E00B5B6DC /* RMSearchInputViewViewModel.swift */; };
		C256373C2A84B9D100AB7510 /* RMLocationDetailView.swift in Sources */ = {isa = PBXBuildFile; fileRef = C256373B2A84B9D100AB7510 /* RMLocationDetailView.swift */; };
		C27CB9272A937EAD00877E81 /* RMSearchOptionPickerViewController.swift in Sources */ = {isa = PBXBuildFile; fileRef = C27CB9262A937EAD00877E81 /* RMSearchOptionPickerViewController.swift */; };
		C28615762A1E18A300E3CF85 /* RMAPICacheManager.swift in Sources */ = {isa = PBXBuildFile; fileRef = C28615752A1E18A300E3CF85 /* RMAPICacheManager.swift */; };
		C28615782A1E1FA200E3CF85 /* RMEpisodeDetailViewViewModel.swift in Sources */ = {isa = PBXBuildFile; fileRef = C28615772A1E1FA200E3CF85 /* RMEpisodeDetailViewViewModel.swift */; };
		C286157A2A1E200B00E3CF85 /* RMEpisodeDetailView.swift in Sources */ = {isa = PBXBuildFile; fileRef = C28615792A1E200B00E3CF85 /* RMEpisodeDetailView.swift */; };
		C286157D2A5DA6DC00E3CF85 /* RMEpisodeListView.swift in Sources */ = {isa = PBXBuildFile; fileRef = C286157C2A5DA6DC00E3CF85 /* RMEpisodeListView.swift */; };
		C286157F2A5DA96C00E3CF85 /* RMEpisodeListViewViewModel.swift in Sources */ = {isa = PBXBuildFile; fileRef = C286157E2A5DA96C00E3CF85 /* RMEpisodeListViewViewModel.swift */; };
		C28615812A5DABEC00E3CF85 /* RMGetAllEpisodesResponse.swift in Sources */ = {isa = PBXBuildFile; fileRef = C28615802A5DABEC00E3CF85 /* RMGetAllEpisodesResponse.swift */; };
		C28615832A5E906400E3CF85 /* RMSearchViewController.swift in Sources */ = {isa = PBXBuildFile; fileRef = C28615822A5E906400E3CF85 /* RMSearchViewController.swift */; };
		C28615862A5EA37000E3CF85 /* RMEpisodeInfoCollectionViewCell.swift in Sources */ = {isa = PBXBuildFile; fileRef = C28615852A5EA37000E3CF85 /* RMEpisodeInfoCollectionViewCell.swift */; };
		C28615892A5EA39E00E3CF85 /* RMEpisodeInfoCollectionViewCellViewModel.swift in Sources */ = {isa = PBXBuildFile; fileRef = C28615882A5EA39E00E3CF85 /* RMEpisodeInfoCollectionViewCellViewModel.swift */; };
		C2CBBA7E2A7D00E80058A83C /* RMSettingsViewViewModel.swift in Sources */ = {isa = PBXBuildFile; fileRef = C2CBBA7D2A7D00E80058A83C /* RMSettingsViewViewModel.swift */; };
		C2CBBA802A7D01480058A83C /* RMSettingsCellViewModel.swift in Sources */ = {isa = PBXBuildFile; fileRef = C2CBBA7F2A7D01480058A83C /* RMSettingsCellViewModel.swift */; };
		C2CBBA822A7D042C0058A83C /* RMSettingsOption.swift in Sources */ = {isa = PBXBuildFile; fileRef = C2CBBA812A7D042C0058A83C /* RMSettingsOption.swift */; };
		C2CBBA852A7D10A90058A83C /* RMSettingsView.swift in Sources */ = {isa = PBXBuildFile; fileRef = C2CBBA842A7D10A90058A83C /* RMSettingsView.swift */; };
		C2CBBA882A80B0290058A83C /* RMLocationView.swift in Sources */ = {isa = PBXBuildFile; fileRef = C2CBBA872A80B0290058A83C /* RMLocationView.swift */; };
		C2CBBA8A2A80B3540058A83C /* RMLocationViewViewModel.swift in Sources */ = {isa = PBXBuildFile; fileRef = C2CBBA892A80B3540058A83C /* RMLocationViewViewModel.swift */; };
		C2CBBA8C2A8362A20058A83C /* RMGetAllLocationsResponse.swift in Sources */ = {isa = PBXBuildFile; fileRef = C2CBBA8B2A8362A20058A83C /* RMGetAllLocationsResponse.swift */; };
		C2CBBA8E2A8367A20058A83C /* RMLocationTableViewCell.swift in Sources */ = {isa = PBXBuildFile; fileRef = C2CBBA8D2A8367A20058A83C /* RMLocationTableViewCell.swift */; };
		C2CBBA912A8368670058A83C /* RMLocationTableViewCellViewModel.swift in Sources */ = {isa = PBXBuildFile; fileRef = C2CBBA902A8368670058A83C /* RMLocationTableViewCellViewModel.swift */; };
		C2CBBA942A8386A20058A83C /* RMLocationDetailViewController.swift in Sources */ = {isa = PBXBuildFile; fileRef = C2CBBA932A8386A20058A83C /* RMLocationDetailViewController.swift */; };
		C2F68D1E29E8720C0029B9D2 /* RMEpisodeDetailViewController.swift in Sources */ = {isa = PBXBuildFile; fileRef = C2F68D1D29E8720C0029B9D2 /* RMEpisodeDetailViewController.swift */; };
		C2F690D429C0AAB2008A6316 /* AppDelegate.swift in Sources */ = {isa = PBXBuildFile; fileRef = C2F690D329C0AAB2008A6316 /* AppDelegate.swift */; };
		C2F690D629C0AAB2008A6316 /* SceneDelegate.swift in Sources */ = {isa = PBXBuildFile; fileRef = C2F690D529C0AAB2008A6316 /* SceneDelegate.swift */; };
		C2F690D829C0AAB2008A6316 /* RMTabBarController.swift in Sources */ = {isa = PBXBuildFile; fileRef = C2F690D729C0AAB2008A6316 /* RMTabBarController.swift */; };
		C2F690DD29C0AAB2008A6316 /* Assets.xcassets in Resources */ = {isa = PBXBuildFile; fileRef = C2F690DC29C0AAB2008A6316 /* Assets.xcassets */; };
		C2F690E029C0AAB2008A6316 /* LaunchScreen.storyboard in Resources */ = {isa = PBXBuildFile; fileRef = C2F690DE29C0AAB2008A6316 /* LaunchScreen.storyboard */; };
		C2F690EF29C0AE3E008A6316 /* RMLocation.swift in Sources */ = {isa = PBXBuildFile; fileRef = C2F690EE29C0AE3E008A6316 /* RMLocation.swift */; };
		C2F690F129C0AE51008A6316 /* RMCharacter.swift in Sources */ = {isa = PBXBuildFile; fileRef = C2F690F029C0AE51008A6316 /* RMCharacter.swift */; };
		C2F690F329C0AE62008A6316 /* RMEpisode.swift in Sources */ = {isa = PBXBuildFile; fileRef = C2F690F229C0AE62008A6316 /* RMEpisode.swift */; };
		C2F690F629C0AF00008A6316 /* RMCharacterViewController.swift in Sources */ = {isa = PBXBuildFile; fileRef = C2F690F529C0AF00008A6316 /* RMCharacterViewController.swift */; };
		C2F690F829C0AF0E008A6316 /* RMLocationViewController.swift in Sources */ = {isa = PBXBuildFile; fileRef = C2F690F729C0AF0E008A6316 /* RMLocationViewController.swift */; };
		C2F690FA29C0AF16008A6316 /* RMEpisodeViewController.swift in Sources */ = {isa = PBXBuildFile; fileRef = C2F690F929C0AF16008A6316 /* RMEpisodeViewController.swift */; };
		C2F690FC29C0AF26008A6316 /* RMSettingsViewController.swift in Sources */ = {isa = PBXBuildFile; fileRef = C2F690FB29C0AF26008A6316 /* RMSettingsViewController.swift */; };
		C2F690FE29C21B0D008A6316 /* RMSerivce.swift in Sources */ = {isa = PBXBuildFile; fileRef = C2F690FD29C21B0D008A6316 /* RMSerivce.swift */; };
		C2F6910029C21B25008A6316 /* RMRequest.swift in Sources */ = {isa = PBXBuildFile; fileRef = C2F690FF29C21B25008A6316 /* RMRequest.swift */; };
		C2F6910229C21BD6008A6316 /* RMEndpoint.swift in Sources */ = {isa = PBXBuildFile; fileRef = C2F6910129C21BD6008A6316 /* RMEndpoint.swift */; };
		C2F6910429C222B3008A6316 /* RMOrigin.swift in Sources */ = {isa = PBXBuildFile; fileRef = C2F6910329C222B3008A6316 /* RMOrigin.swift */; };
		C2F6910629C22339008A6316 /* RMSingleLocation.swift in Sources */ = {isa = PBXBuildFile; fileRef = C2F6910529C22339008A6316 /* RMSingleLocation.swift */; };
		C2F6910829C2249E008A6316 /* RMCharacterStatus.swift in Sources */ = {isa = PBXBuildFile; fileRef = C2F6910729C2249E008A6316 /* RMCharacterStatus.swift */; };
		C2F6910A29C224CA008A6316 /* RMCharacterGender.swift in Sources */ = {isa = PBXBuildFile; fileRef = C2F6910929C224CA008A6316 /* RMCharacterGender.swift */; };
		C2F6910E29C37F68008A6316 /* RMGetAllCharactersResponse.swift in Sources */ = {isa = PBXBuildFile; fileRef = C2F6910D29C37F68008A6316 /* RMGetAllCharactersResponse.swift */; };
/* End PBXBuildFile section */

/* Begin PBXFileReference section */
		C238A5F629C49D5300F4DC09 /* RMCharacterListViewViewModel.swift */ = {isa = PBXFileReference; lastKnownFileType = sourcecode.swift; path = RMCharacterListViewViewModel.swift; sourceTree = "<group>"; };
		C238A5F829C49DC500F4DC09 /* RMCharacterListView.swift */ = {isa = PBXFileReference; lastKnownFileType = sourcecode.swift; path = RMCharacterListView.swift; sourceTree = "<group>"; };
		C238A5FA29C4A94B00F4DC09 /* Extensions.swift */ = {isa = PBXFileReference; lastKnownFileType = sourcecode.swift; path = Extensions.swift; sourceTree = "<group>"; };
		C238A5FC29C5AA4700F4DC09 /* RMCharacterCollectionViewCell.swift */ = {isa = PBXFileReference; lastKnownFileType = sourcecode.swift; path = RMCharacterCollectionViewCell.swift; sourceTree = "<group>"; };
		C238A5FE29C5ABB800F4DC09 /* RMCharacterCollectionViewCellViewModel.swift */ = {isa = PBXFileReference; lastKnownFileType = sourcecode.swift; path = RMCharacterCollectionViewCellViewModel.swift; sourceTree = "<group>"; };
		C238A60129C5CBB000F4DC09 /* RMCharacterDetailViewController.swift */ = {isa = PBXFileReference; lastKnownFileType = sourcecode.swift; path = RMCharacterDetailViewController.swift; sourceTree = "<group>"; };
		C238A60329C5CC4200F4DC09 /* RMCharacterDetailView.swift */ = {isa = PBXFileReference; lastKnownFileType = sourcecode.swift; path = RMCharacterDetailView.swift; sourceTree = "<group>"; };
		C238A60529C5CC6500F4DC09 /* RMCharacterDetailViewViewModel.swift */ = {isa = PBXFileReference; lastKnownFileType = sourcecode.swift; path = RMCharacterDetailViewViewModel.swift; sourceTree = "<group>"; };
		C23A91E229C5D3F200427509 /* RMFooterLoadingCollectionReusableView.swift */ = {isa = PBXFileReference; lastKnownFileType = sourcecode.swift; path = RMFooterLoadingCollectionReusableView.swift; sourceTree = "<group>"; };
		C23A91E429C721E900427509 /* RMImageLoader.swift */ = {isa = PBXFileReference; lastKnownFileType = sourcecode.swift; path = RMImageLoader.swift; sourceTree = "<group>"; };
		C23A91E829CF0F6100427509 /* RMCharacterPhotoCollectionViewCell.swift */ = {isa = PBXFileReference; lastKnownFileType = sourcecode.swift; path = RMCharacterPhotoCollectionViewCell.swift; sourceTree = "<group>"; };
		C23A91EA29CF0F8300427509 /* RMCharacterInfoCollectionViewCell.swift */ = {isa = PBXFileReference; lastKnownFileType = sourcecode.swift; path = RMCharacterInfoCollectionViewCell.swift; sourceTree = "<group>"; };
		C23A91EC29CF0F9E00427509 /* RMCharacterEpisodeCollectionViewCell.swift */ = {isa = PBXFileReference; lastKnownFileType = sourcecode.swift; path = RMCharacterEpisodeCollectionViewCell.swift; sourceTree = "<group>"; };
		C23A91EF29CF0FF300427509 /* RMCharacterPhotoCollectionViewCellViewModel.swift */ = {isa = PBXFileReference; lastKnownFileType = sourcecode.swift; path = RMCharacterPhotoCollectionViewCellViewModel.swift; sourceTree = "<group>"; };
		C23A91F129CF100100427509 /* RMCharacterInfoCollectionViewCellViewModel.swift */ = {isa = PBXFileReference; lastKnownFileType = sourcecode.swift; path = RMCharacterInfoCollectionViewCellViewModel.swift; sourceTree = "<group>"; };
		C23A91F329CF100B00427509 /* RMCharacterEpisodeCollectionViewCellViewModel.swift */ = {isa = PBXFileReference; lastKnownFileType = sourcecode.swift; path = RMCharacterEpisodeCollectionViewCellViewModel.swift; sourceTree = "<group>"; };
		C24509DB2A84BCF000B5B6DC /* RMLocationDetailViewViewModel.swift */ = {isa = PBXFileReference; lastKnownFileType = sourcecode.swift; path = RMLocationDetailViewViewModel.swift; sourceTree = "<group>"; };
		C24509DE2A84DB8700B5B6DC /* RMSearchView.swift */ = {isa = PBXFileReference; lastKnownFileType = sourcecode.swift; path = RMSearchView.swift; sourceTree = "<group>"; };
		C24509E02A84DC0700B5B6DC /* RMSearchViewViewModel.swift */ = {isa = PBXFileReference; lastKnownFileType = sourcecode.swift; path = RMSearchViewViewModel.swift; sourceTree = "<group>"; };
		C24509E22A84DE3A00B5B6DC /* RMNoSearchResultsView.swift */ = {isa = PBXFileReference; lastKnownFileType = sourcecode.swift; path = RMNoSearchResultsView.swift; sourceTree = "<group>"; };
		C24509E52A84DE6400B5B6DC /* RMNoSearchResultsViewViewModel.swift */ = {isa = PBXFileReference; lastKnownFileType = sourcecode.swift; path = RMNoSearchResultsViewViewModel.swift; sourceTree = "<group>"; };
		C24509E92A84DF7500B5B6DC /* RMSearchInputView.swift */ = {isa = PBXFileReference; lastKnownFileType = sourcecode.swift; path = RMSearchInputView.swift; sourceTree = "<group>"; };
		C24509EB2A84DF8E00B5B6DC /* RMSearchInputViewViewModel.swift */ = {isa = PBXFileReference; lastKnownFileType = sourcecode.swift; path = RMSearchInputViewViewModel.swift; sourceTree = "<group>"; };
		C256373B2A84B9D100AB7510 /* RMLocationDetailView.swift */ = {isa = PBXFileReference; lastKnownFileType = sourcecode.swift; path = RMLocationDetailView.swift; sourceTree = "<group>"; };
		C27CB9262A937EAD00877E81 /* RMSearchOptionPickerViewController.swift */ = {isa = PBXFileReference; lastKnownFileType = sourcecode.swift; path = RMSearchOptionPickerViewController.swift; sourceTree = "<group>"; };
		C28615752A1E18A300E3CF85 /* RMAPICacheManager.swift */ = {isa = PBXFileReference; lastKnownFileType = sourcecode.swift; path = RMAPICacheManager.swift; sourceTree = "<group>"; };
		C28615772A1E1FA200E3CF85 /* RMEpisodeDetailViewViewModel.swift */ = {isa = PBXFileReference; lastKnownFileType = sourcecode.swift; path = RMEpisodeDetailViewViewModel.swift; sourceTree = "<group>"; };
		C28615792A1E200B00E3CF85 /* RMEpisodeDetailView.swift */ = {isa = PBXFileReference; lastKnownFileType = sourcecode.swift; path = RMEpisodeDetailView.swift; sourceTree = "<group>"; };
		C286157C2A5DA6DC00E3CF85 /* RMEpisodeListView.swift */ = {isa = PBXFileReference; lastKnownFileType = sourcecode.swift; path = RMEpisodeListView.swift; sourceTree = "<group>"; };
		C286157E2A5DA96C00E3CF85 /* RMEpisodeListViewViewModel.swift */ = {isa = PBXFileReference; lastKnownFileType = sourcecode.swift; path = RMEpisodeListViewViewModel.swift; sourceTree = "<group>"; };
		C28615802A5DABEC00E3CF85 /* RMGetAllEpisodesResponse.swift */ = {isa = PBXFileReference; lastKnownFileType = sourcecode.swift; path = RMGetAllEpisodesResponse.swift; sourceTree = "<group>"; };
		C28615822A5E906400E3CF85 /* RMSearchViewController.swift */ = {isa = PBXFileReference; lastKnownFileType = sourcecode.swift; path = RMSearchViewController.swift; sourceTree = "<group>"; };
		C28615852A5EA37000E3CF85 /* RMEpisodeInfoCollectionViewCell.swift */ = {isa = PBXFileReference; lastKnownFileType = sourcecode.swift; path = RMEpisodeInfoCollectionViewCell.swift; sourceTree = "<group>"; };
		C28615882A5EA39E00E3CF85 /* RMEpisodeInfoCollectionViewCellViewModel.swift */ = {isa = PBXFileReference; lastKnownFileType = sourcecode.swift; path = RMEpisodeInfoCollectionViewCellViewModel.swift; sourceTree = "<group>"; };
		C2CBBA7D2A7D00E80058A83C /* RMSettingsViewViewModel.swift */ = {isa = PBXFileReference; lastKnownFileType = sourcecode.swift; path = RMSettingsViewViewModel.swift; sourceTree = "<group>"; };
		C2CBBA7F2A7D01480058A83C /* RMSettingsCellViewModel.swift */ = {isa = PBXFileReference; lastKnownFileType = sourcecode.swift; path = RMSettingsCellViewModel.swift; sourceTree = "<group>"; };
		C2CBBA812A7D042C0058A83C /* RMSettingsOption.swift */ = {isa = PBXFileReference; lastKnownFileType = sourcecode.swift; path = RMSettingsOption.swift; sourceTree = "<group>"; };
		C2CBBA842A7D10A90058A83C /* RMSettingsView.swift */ = {isa = PBXFileReference; lastKnownFileType = sourcecode.swift; path = RMSettingsView.swift; sourceTree = "<group>"; };
		C2CBBA872A80B0290058A83C /* RMLocationView.swift */ = {isa = PBXFileReference; lastKnownFileType = sourcecode.swift; path = RMLocationView.swift; sourceTree = "<group>"; };
		C2CBBA892A80B3540058A83C /* RMLocationViewViewModel.swift */ = {isa = PBXFileReference; lastKnownFileType = sourcecode.swift; path = RMLocationViewViewModel.swift; sourceTree = "<group>"; };
		C2CBBA8B2A8362A20058A83C /* RMGetAllLocationsResponse.swift */ = {isa = PBXFileReference; lastKnownFileType = sourcecode.swift; path = RMGetAllLocationsResponse.swift; sourceTree = "<group>"; };
		C2CBBA8D2A8367A20058A83C /* RMLocationTableViewCell.swift */ = {isa = PBXFileReference; lastKnownFileType = sourcecode.swift; path = RMLocationTableViewCell.swift; sourceTree = "<group>"; };
		C2CBBA902A8368670058A83C /* RMLocationTableViewCellViewModel.swift */ = {isa = PBXFileReference; lastKnownFileType = sourcecode.swift; path = RMLocationTableViewCellViewModel.swift; sourceTree = "<group>"; };
		C2CBBA932A8386A20058A83C /* RMLocationDetailViewController.swift */ = {isa = PBXFileReference; lastKnownFileType = sourcecode.swift; path = RMLocationDetailViewController.swift; sourceTree = "<group>"; };
		C2F68D1D29E8720C0029B9D2 /* RMEpisodeDetailViewController.swift */ = {isa = PBXFileReference; lastKnownFileType = sourcecode.swift; path = RMEpisodeDetailViewController.swift; sourceTree = "<group>"; };
		C2F690D029C0AAB2008A6316 /* RickAndMorty.app */ = {isa = PBXFileReference; explicitFileType = wrapper.application; includeInIndex = 0; path = RickAndMorty.app; sourceTree = BUILT_PRODUCTS_DIR; };
		C2F690D329C0AAB2008A6316 /* AppDelegate.swift */ = {isa = PBXFileReference; lastKnownFileType = sourcecode.swift; path = AppDelegate.swift; sourceTree = "<group>"; };
		C2F690D529C0AAB2008A6316 /* SceneDelegate.swift */ = {isa = PBXFileReference; lastKnownFileType = sourcecode.swift; path = SceneDelegate.swift; sourceTree = "<group>"; };
		C2F690D729C0AAB2008A6316 /* RMTabBarController.swift */ = {isa = PBXFileReference; lastKnownFileType = sourcecode.swift; path = RMTabBarController.swift; sourceTree = "<group>"; };
		C2F690DC29C0AAB2008A6316 /* Assets.xcassets */ = {isa = PBXFileReference; lastKnownFileType = folder.assetcatalog; path = Assets.xcassets; sourceTree = "<group>"; };
		C2F690DF29C0AAB2008A6316 /* Base */ = {isa = PBXFileReference; lastKnownFileType = file.storyboard; name = Base; path = Base.lproj/LaunchScreen.storyboard; sourceTree = "<group>"; };
		C2F690E129C0AAB2008A6316 /* Info.plist */ = {isa = PBXFileReference; lastKnownFileType = text.plist.xml; path = Info.plist; sourceTree = "<group>"; };
		C2F690EE29C0AE3E008A6316 /* RMLocation.swift */ = {isa = PBXFileReference; lastKnownFileType = sourcecode.swift; path = RMLocation.swift; sourceTree = "<group>"; };
		C2F690F029C0AE51008A6316 /* RMCharacter.swift */ = {isa = PBXFileReference; lastKnownFileType = sourcecode.swift; path = RMCharacter.swift; sourceTree = "<group>"; };
		C2F690F229C0AE62008A6316 /* RMEpisode.swift */ = {isa = PBXFileReference; lastKnownFileType = sourcecode.swift; path = RMEpisode.swift; sourceTree = "<group>"; };
		C2F690F529C0AF00008A6316 /* RMCharacterViewController.swift */ = {isa = PBXFileReference; lastKnownFileType = sourcecode.swift; path = RMCharacterViewController.swift; sourceTree = "<group>"; };
		C2F690F729C0AF0E008A6316 /* RMLocationViewController.swift */ = {isa = PBXFileReference; lastKnownFileType = sourcecode.swift; path = RMLocationViewController.swift; sourceTree = "<group>"; };
		C2F690F929C0AF16008A6316 /* RMEpisodeViewController.swift */ = {isa = PBXFileReference; lastKnownFileType = sourcecode.swift; path = RMEpisodeViewController.swift; sourceTree = "<group>"; };
		C2F690FB29C0AF26008A6316 /* RMSettingsViewController.swift */ = {isa = PBXFileReference; lastKnownFileType = sourcecode.swift; path = RMSettingsViewController.swift; sourceTree = "<group>"; };
		C2F690FD29C21B0D008A6316 /* RMSerivce.swift */ = {isa = PBXFileReference; lastKnownFileType = sourcecode.swift; path = RMSerivce.swift; sourceTree = "<group>"; };
		C2F690FF29C21B25008A6316 /* RMRequest.swift */ = {isa = PBXFileReference; lastKnownFileType = sourcecode.swift; path = RMRequest.swift; sourceTree = "<group>"; };
		C2F6910129C21BD6008A6316 /* RMEndpoint.swift */ = {isa = PBXFileReference; lastKnownFileType = sourcecode.swift; path = RMEndpoint.swift; sourceTree = "<group>"; };
		C2F6910329C222B3008A6316 /* RMOrigin.swift */ = {isa = PBXFileReference; lastKnownFileType = sourcecode.swift; path = RMOrigin.swift; sourceTree = "<group>"; };
		C2F6910529C22339008A6316 /* RMSingleLocation.swift */ = {isa = PBXFileReference; lastKnownFileType = sourcecode.swift; path = RMSingleLocation.swift; sourceTree = "<group>"; };
		C2F6910729C2249E008A6316 /* RMCharacterStatus.swift */ = {isa = PBXFileReference; lastKnownFileType = sourcecode.swift; path = RMCharacterStatus.swift; sourceTree = "<group>"; };
		C2F6910929C224CA008A6316 /* RMCharacterGender.swift */ = {isa = PBXFileReference; lastKnownFileType = sourcecode.swift; path = RMCharacterGender.swift; sourceTree = "<group>"; };
		C2F6910D29C37F68008A6316 /* RMGetAllCharactersResponse.swift */ = {isa = PBXFileReference; lastKnownFileType = sourcecode.swift; path = RMGetAllCharactersResponse.swift; sourceTree = "<group>"; };
/* End PBXFileReference section */

/* Begin PBXFrameworksBuildPhase section */
		C2F690CD29C0AAB2008A6316 /* Frameworks */ = {
			isa = PBXFrameworksBuildPhase;
			buildActionMask = 2147483647;
			files = (
			);
			runOnlyForDeploymentPostprocessing = 0;
		};
/* End PBXFrameworksBuildPhase section */

/* Begin PBXGroup section */
		C238A60029C5CB8B00F4DC09 /* Other */ = {
			isa = PBXGroup;
			children = (
				C238A60129C5CBB000F4DC09 /* RMCharacterDetailViewController.swift */,
				C2F68D1D29E8720C0029B9D2 /* RMEpisodeDetailViewController.swift */,
				C27CB9292A93800300877E81 /* Search */,
				C2CBBA932A8386A20058A83C /* RMLocationDetailViewController.swift */,
			);
			path = Other;
			sourceTree = "<group>";
		};
		C23A91E629CF0F1600427509 /* CharacterDetails */ = {
			isa = PBXGroup;
			children = (
				C238A60329C5CC4200F4DC09 /* RMCharacterDetailView.swift */,
				C23A91E829CF0F6100427509 /* RMCharacterPhotoCollectionViewCell.swift */,
				C23A91EA29CF0F8300427509 /* RMCharacterInfoCollectionViewCell.swift */,
				C23A91EC29CF0F9E00427509 /* RMCharacterEpisodeCollectionViewCell.swift */,
			);
			path = CharacterDetails;
			sourceTree = "<group>";
		};
		C23A91E729CF0F3600427509 /* Character */ = {
			isa = PBXGroup;
			children = (
				C238A5F829C49DC500F4DC09 /* RMCharacterListView.swift */,
				C238A5FC29C5AA4700F4DC09 /* RMCharacterCollectionViewCell.swift */,
			);
			path = Character;
			sourceTree = "<group>";
		};
		C23A91EE29CF0FB200427509 /* CharacterDetail */ = {
			isa = PBXGroup;
			children = (
				C238A60529C5CC6500F4DC09 /* RMCharacterDetailViewViewModel.swift */,
				C23A91EF29CF0FF300427509 /* RMCharacterPhotoCollectionViewCellViewModel.swift */,
				C23A91F129CF100100427509 /* RMCharacterInfoCollectionViewCellViewModel.swift */,
				C23A91F329CF100B00427509 /* RMCharacterEpisodeCollectionViewCellViewModel.swift */,
			);
			path = CharacterDetail;
			sourceTree = "<group>";
		};
		C24509DD2A84DB7900B5B6DC /* Search */ = {
			isa = PBXGroup;
			children = (
				C24509DE2A84DB8700B5B6DC /* RMSearchView.swift */,
				C24509E22A84DE3A00B5B6DC /* RMNoSearchResultsView.swift */,
				C24509E92A84DF7500B5B6DC /* RMSearchInputView.swift */,
			);
			path = Search;
			sourceTree = "<group>";
		};
		C24509E42A84DE4900B5B6DC /* Search */ = {
			isa = PBXGroup;
			children = (
				C24509E02A84DC0700B5B6DC /* RMSearchViewViewModel.swift */,
				C24509E52A84DE6400B5B6DC /* RMNoSearchResultsViewViewModel.swift */,
				C24509EB2A84DF8E00B5B6DC /* RMSearchInputViewViewModel.swift */,
			);
			path = Search;
			sourceTree = "<group>";
		};
		C256373A2A84B9AD00AB7510 /* LocationDetails */ = {
			isa = PBXGroup;
			children = (
				C256373B2A84B9D100AB7510 /* RMLocationDetailView.swift */,
			);
			path = LocationDetails;
			sourceTree = "<group>";
		};
		C27CB9292A93800300877E81 /* Search */ = {
			isa = PBXGroup;
			children = (
				C28615822A5E906400E3CF85 /* RMSearchViewController.swift */,
				C27CB9262A937EAD00877E81 /* RMSearchOptionPickerViewController.swift */,
			);
			path = Search;
			sourceTree = "<group>";
		};
		C286157B2A5DA6AC00E3CF85 /* Episode */ = {
			isa = PBXGroup;
			children = (
				C286157C2A5DA6DC00E3CF85 /* RMEpisodeListView.swift */,
			);
			path = Episode;
			sourceTree = "<group>";
		};
		C28615842A5EA34600E3CF85 /* EpisodeDetails */ = {
			isa = PBXGroup;
			children = (
				C28615792A1E200B00E3CF85 /* RMEpisodeDetailView.swift */,
				C28615852A5EA37000E3CF85 /* RMEpisodeInfoCollectionViewCell.swift */,
			);
			path = EpisodeDetails;
			sourceTree = "<group>";
		};
		C28615872A5EA38100E3CF85 /* EpisodeDetail */ = {
			isa = PBXGroup;
			children = (
				C28615772A1E1FA200E3CF85 /* RMEpisodeDetailViewViewModel.swift */,
				C28615882A5EA39E00E3CF85 /* RMEpisodeInfoCollectionViewCellViewModel.swift */,
			);
			path = EpisodeDetail;
			sourceTree = "<group>";
		};
		C2CBBA7C2A7D00C80058A83C /* Settings */ = {
			isa = PBXGroup;
			children = (
				C2CBBA7D2A7D00E80058A83C /* RMSettingsViewViewModel.swift */,
				C2CBBA7F2A7D01480058A83C /* RMSettingsCellViewModel.swift */,
				C2CBBA812A7D042C0058A83C /* RMSettingsOption.swift */,
			);
			path = Settings;
			sourceTree = "<group>";
		};
		C2CBBA832A7D108D0058A83C /* SwiftUI */ = {
			isa = PBXGroup;
			children = (
				C2CBBA842A7D10A90058A83C /* RMSettingsView.swift */,
			);
			path = SwiftUI;
			sourceTree = "<group>";
		};
		C2CBBA862A80B0090058A83C /* Location */ = {
			isa = PBXGroup;
			children = (
				C2CBBA872A80B0290058A83C /* RMLocationView.swift */,
				C2CBBA8D2A8367A20058A83C /* RMLocationTableViewCell.swift */,
			);
			path = Location;
			sourceTree = "<group>";
		};
		C2CBBA8F2A83684E0058A83C /* Locations */ = {
			isa = PBXGroup;
			children = (
				C2CBBA892A80B3540058A83C /* RMLocationViewViewModel.swift */,
				C2CBBA902A8368670058A83C /* RMLocationTableViewCellViewModel.swift */,
				C24509DB2A84BCF000B5B6DC /* RMLocationDetailViewViewModel.swift */,
			);
			path = Locations;
			sourceTree = "<group>";
		};
		C2F690C729C0AAB2008A6316 = {
			isa = PBXGroup;
			children = (
				C2F690D229C0AAB2008A6316 /* RickAndMorty */,
				C2F690D129C0AAB2008A6316 /* Products */,
			);
			sourceTree = "<group>";
		};
		C2F690D129C0AAB2008A6316 /* Products */ = {
			isa = PBXGroup;
			children = (
				C2F690D029C0AAB2008A6316 /* RickAndMorty.app */,
			);
			name = Products;
			sourceTree = "<group>";
		};
		C2F690D229C0AAB2008A6316 /* RickAndMorty */ = {
			isa = PBXGroup;
			children = (
				C2F690ED29C0ADCD008A6316 /* Resources */,
				C2F690EC29C0ADC2008A6316 /* Managers */,
				C2F690EB29C0ADB0008A6316 /* APIClient */,
				C2F690EA29C0AD9F008A6316 /* ViewModels */,
				C2F690E929C0AD97008A6316 /* Views */,
				C2F690E829C0AD8D008A6316 /* Models */,
				C2F690E729C0AD7F008A6316 /* Controllers */,
				C2F690E129C0AAB2008A6316 /* Info.plist */,
			);
			path = RickAndMorty;
			sourceTree = "<group>";
		};
		C2F690E729C0AD7F008A6316 /* Controllers */ = {
			isa = PBXGroup;
			children = (
				C238A60029C5CB8B00F4DC09 /* Other */,
				C2F690F429C0AEC9008A6316 /* Core */,
			);
			path = Controllers;
			sourceTree = "<group>";
		};
		C2F690E829C0AD8D008A6316 /* Models */ = {
			isa = PBXGroup;
			children = (
				C2F6910C29C37F43008A6316 /* APIResponseTypes */,
				C2F6910B29C37F2C008A6316 /* DataTypes */,
			);
			path = Models;
			sourceTree = "<group>";
		};
		C2F690E929C0AD97008A6316 /* Views */ = {
			isa = PBXGroup;
			children = (
				C24509DD2A84DB7900B5B6DC /* Search */,
				C256373A2A84B9AD00AB7510 /* LocationDetails */,
				C2CBBA862A80B0090058A83C /* Location */,
				C2CBBA832A7D108D0058A83C /* SwiftUI */,
				C28615842A5EA34600E3CF85 /* EpisodeDetails */,
				C286157B2A5DA6AC00E3CF85 /* Episode */,
				C23A91E629CF0F1600427509 /* CharacterDetails */,
				C23A91E729CF0F3600427509 /* Character */,
				C23A91E229C5D3F200427509 /* RMFooterLoadingCollectionReusableView.swift */,
			);
			path = Views;
			sourceTree = "<group>";
		};
		C2F690EA29C0AD9F008A6316 /* ViewModels */ = {
			isa = PBXGroup;
			children = (
				C24509E42A84DE4900B5B6DC /* Search */,
				C2CBBA8F2A83684E0058A83C /* Locations */,
				C2CBBA7C2A7D00C80058A83C /* Settings */,
				C28615872A5EA38100E3CF85 /* EpisodeDetail */,
				C23A91EE29CF0FB200427509 /* CharacterDetail */,
				C238A5F629C49D5300F4DC09 /* RMCharacterListViewViewModel.swift */,
				C238A5FE29C5ABB800F4DC09 /* RMCharacterCollectionViewCellViewModel.swift */,
				C286157E2A5DA96C00E3CF85 /* RMEpisodeListViewViewModel.swift */,
			);
			path = ViewModels;
			sourceTree = "<group>";
		};
		C2F690EB29C0ADB0008A6316 /* APIClient */ = {
			isa = PBXGroup;
			children = (
				C2F690FD29C21B0D008A6316 /* RMSerivce.swift */,
				C2F690FF29C21B25008A6316 /* RMRequest.swift */,
				C2F6910129C21BD6008A6316 /* RMEndpoint.swift */,
			);
			path = APIClient;
			sourceTree = "<group>";
		};
		C2F690EC29C0ADC2008A6316 /* Managers */ = {
			isa = PBXGroup;
			children = (
				C23A91E429C721E900427509 /* RMImageLoader.swift */,
				C28615752A1E18A300E3CF85 /* RMAPICacheManager.swift */,
			);
			path = Managers;
			sourceTree = "<group>";
		};
		C2F690ED29C0ADCD008A6316 /* Resources */ = {
			isa = PBXGroup;
			children = (
				C2F690DC29C0AAB2008A6316 /* Assets.xcassets */,
				C2F690DE29C0AAB2008A6316 /* LaunchScreen.storyboard */,
				C2F690D329C0AAB2008A6316 /* AppDelegate.swift */,
				C2F690D529C0AAB2008A6316 /* SceneDelegate.swift */,
				C238A5FA29C4A94B00F4DC09 /* Extensions.swift */,
			);
			path = Resources;
			sourceTree = "<group>";
		};
		C2F690F429C0AEC9008A6316 /* Core */ = {
			isa = PBXGroup;
			children = (
				C2F690D729C0AAB2008A6316 /* RMTabBarController.swift */,
				C2F690F529C0AF00008A6316 /* RMCharacterViewController.swift */,
				C2F690F729C0AF0E008A6316 /* RMLocationViewController.swift */,
				C2F690F929C0AF16008A6316 /* RMEpisodeViewController.swift */,
				C2F690FB29C0AF26008A6316 /* RMSettingsViewController.swift */,
			);
			path = Core;
			sourceTree = "<group>";
		};
		C2F6910B29C37F2C008A6316 /* DataTypes */ = {
			isa = PBXGroup;
			children = (
				C2F690EE29C0AE3E008A6316 /* RMLocation.swift */,
				C2F690F029C0AE51008A6316 /* RMCharacter.swift */,
				C2F690F229C0AE62008A6316 /* RMEpisode.swift */,
				C2F6910329C222B3008A6316 /* RMOrigin.swift */,
				C2F6910529C22339008A6316 /* RMSingleLocation.swift */,
				C2F6910729C2249E008A6316 /* RMCharacterStatus.swift */,
				C2F6910929C224CA008A6316 /* RMCharacterGender.swift */,
			);
			path = DataTypes;
			sourceTree = "<group>";
		};
		C2F6910C29C37F43008A6316 /* APIResponseTypes */ = {
			isa = PBXGroup;
			children = (
				C2F6910D29C37F68008A6316 /* RMGetAllCharactersResponse.swift */,
				C28615802A5DABEC00E3CF85 /* RMGetAllEpisodesResponse.swift */,
				C2CBBA8B2A8362A20058A83C /* RMGetAllLocationsResponse.swift */,
			);
			path = APIResponseTypes;
			sourceTree = "<group>";
		};
/* End PBXGroup section */

/* Begin PBXNativeTarget section */
		C2F690CF29C0AAB2008A6316 /* RickAndMorty */ = {
			isa = PBXNativeTarget;
			buildConfigurationList = C2F690E429C0AAB2008A6316 /* Build configuration list for PBXNativeTarget "RickAndMorty" */;
			buildPhases = (
				C2F690CC29C0AAB2008A6316 /* Sources */,
				C2F690CD29C0AAB2008A6316 /* Frameworks */,
				C2F690CE29C0AAB2008A6316 /* Resources */,
			);
			buildRules = (
			);
			dependencies = (
			);
			name = RickAndMorty;
			productName = RickAndMorty;
			productReference = C2F690D029C0AAB2008A6316 /* RickAndMorty.app */;
			productType = "com.apple.product-type.application";
		};
/* End PBXNativeTarget section */

/* Begin PBXProject section */
		C2F690C829C0AAB2008A6316 /* Project object */ = {
			isa = PBXProject;
			attributes = {
				BuildIndependentTargetsInParallel = 1;
				LastSwiftUpdateCheck = 1420;
				LastUpgradeCheck = 1420;
				TargetAttributes = {
					C2F690CF29C0AAB2008A6316 = {
						CreatedOnToolsVersion = 14.2;
					};
				};
			};
			buildConfigurationList = C2F690CB29C0AAB2008A6316 /* Build configuration list for PBXProject "RickAndMorty" */;
			compatibilityVersion = "Xcode 14.0";
			developmentRegion = en;
			hasScannedForEncodings = 0;
			knownRegions = (
				en,
				Base,
			);
			mainGroup = C2F690C729C0AAB2008A6316;
			productRefGroup = C2F690D129C0AAB2008A6316 /* Products */;
			projectDirPath = "";
			projectRoot = "";
			targets = (
				C2F690CF29C0AAB2008A6316 /* RickAndMorty */,
			);
		};
/* End PBXProject section */

/* Begin PBXResourcesBuildPhase section */
		C2F690CE29C0AAB2008A6316 /* Resources */ = {
			isa = PBXResourcesBuildPhase;
			buildActionMask = 2147483647;
			files = (
				C2F690E029C0AAB2008A6316 /* LaunchScreen.storyboard in Resources */,
				C2F690DD29C0AAB2008A6316 /* Assets.xcassets in Resources */,
			);
			runOnlyForDeploymentPostprocessing = 0;
		};
/* End PBXResourcesBuildPhase section */

/* Begin PBXSourcesBuildPhase section */
		C2F690CC29C0AAB2008A6316 /* Sources */ = {
			isa = PBXSourcesBuildPhase;
			buildActionMask = 2147483647;
			files = (
				C2F6910E29C37F68008A6316 /* RMGetAllCharactersResponse.swift in Sources */,
				C238A60629C5CC6500F4DC09 /* RMCharacterDetailViewViewModel.swift in Sources */,
				C2F6910429C222B3008A6316 /* RMOrigin.swift in Sources */,
				C28615832A5E906400E3CF85 /* RMSearchViewController.swift in Sources */,
				C24509E12A84DC0700B5B6DC /* RMSearchViewViewModel.swift in Sources */,
				C238A5F929C49DC500F4DC09 /* RMCharacterListView.swift in Sources */,
				C2F6910629C22339008A6316 /* RMSingleLocation.swift in Sources */,
				C2F6910829C2249E008A6316 /* RMCharacterStatus.swift in Sources */,
				C2F6910A29C224CA008A6316 /* RMCharacterGender.swift in Sources */,
				C24509DC2A84BCF000B5B6DC /* RMLocationDetailViewViewModel.swift in Sources */,
				C238A60229C5CBB000F4DC09 /* RMCharacterDetailViewController.swift in Sources */,
				C23A91E329C5D3F200427509 /* RMFooterLoadingCollectionReusableView.swift in Sources */,
				C286157D2A5DA6DC00E3CF85 /* RMEpisodeListView.swift in Sources */,
				C2F690F829C0AF0E008A6316 /* RMLocationViewController.swift in Sources */,
				C2F690F329C0AE62008A6316 /* RMEpisode.swift in Sources */,
				C23A91EB29CF0F8300427509 /* RMCharacterInfoCollectionViewCell.swift in Sources */,
				C2CBBA7E2A7D00E80058A83C /* RMSettingsViewViewModel.swift in Sources */,
				C2CBBA8E2A8367A20058A83C /* RMLocationTableViewCell.swift in Sources */,
				C2F690D829C0AAB2008A6316 /* RMTabBarController.swift in Sources */,
				C238A5FD29C5AA4700F4DC09 /* RMCharacterCollectionViewCell.swift in Sources */,
				C23A91F229CF100100427509 /* RMCharacterInfoCollectionViewCellViewModel.swift in Sources */,
				C2CBBA822A7D042C0058A83C /* RMSettingsOption.swift in Sources */,
				C2F690FA29C0AF16008A6316 /* RMEpisodeViewController.swift in Sources */,
				C23A91E529C721E900427509 /* RMImageLoader.swift in Sources */,
				C24509EC2A84DF8E00B5B6DC /* RMSearchInputViewViewModel.swift in Sources */,
				C2F690D429C0AAB2008A6316 /* AppDelegate.swift in Sources */,
				C2CBBA942A8386A20058A83C /* RMLocationDetailViewController.swift in Sources */,
				C2F690D629C0AAB2008A6316 /* SceneDelegate.swift in Sources */,
				C23A91E929CF0F6100427509 /* RMCharacterPhotoCollectionViewCell.swift in Sources */,
				C23A91F429CF100B00427509 /* RMCharacterEpisodeCollectionViewCellViewModel.swift in Sources */,
				C2CBBA802A7D01480058A83C /* RMSettingsCellViewModel.swift in Sources */,
				C2CBBA852A7D10A90058A83C /* RMSettingsView.swift in Sources */,
				C2F690FC29C0AF26008A6316 /* RMSettingsViewController.swift in Sources */,
				C24509DF2A84DB8700B5B6DC /* RMSearchView.swift in Sources */,
				C238A5FB29C4A94B00F4DC09 /* Extensions.swift in Sources */,
				C23A91F029CF0FF300427509 /* RMCharacterPhotoCollectionViewCellViewModel.swift in Sources */,
				C2F690FE29C21B0D008A6316 /* RMSerivce.swift in Sources */,
				C2CBBA8C2A8362A20058A83C /* RMGetAllLocationsResponse.swift in Sources */,
				C24509EA2A84DF7500B5B6DC /* RMSearchInputView.swift in Sources */,
				C2F690EF29C0AE3E008A6316 /* RMLocation.swift in Sources */,
				C2F6910229C21BD6008A6316 /* RMEndpoint.swift in Sources */,
				C2F68D1E29E8720C0029B9D2 /* RMEpisodeDetailViewController.swift in Sources */,
				C286157A2A1E200B00E3CF85 /* RMEpisodeDetailView.swift in Sources */,
				C256373C2A84B9D100AB7510 /* RMLocationDetailView.swift in Sources */,
				C24509E62A84DE6400B5B6DC /* RMNoSearchResultsViewViewModel.swift in Sources */,
				C2CBBA912A8368670058A83C /* RMLocationTableViewCellViewModel.swift in Sources */,
				C27CB9272A937EAD00877E81 /* RMSearchOptionPickerViewController.swift in Sources */,
				C24509E32A84DE3A00B5B6DC /* RMNoSearchResultsView.swift in Sources */,
				C2F690F129C0AE51008A6316 /* RMCharacter.swift in Sources */,
				C238A5FF29C5ABB800F4DC09 /* RMCharacterCollectionViewCellViewModel.swift in Sources */,
				C2F6910029C21B25008A6316 /* RMRequest.swift in Sources */,
				C238A5F729C49D5300F4DC09 /* RMCharacterListViewViewModel.swift in Sources */,
				C23A91ED29CF0F9E00427509 /* RMCharacterEpisodeCollectionViewCell.swift in Sources */,
				C2F690F629C0AF00008A6316 /* RMCharacterViewController.swift in Sources */,
				C2CBBA882A80B0290058A83C /* RMLocationView.swift in Sources */,
				C286157F2A5DA96C00E3CF85 /* RMEpisodeListViewViewModel.swift in Sources */,
				C28615762A1E18A300E3CF85 /* RMAPICacheManager.swift in Sources */,
				C28615812A5DABEC00E3CF85 /* RMGetAllEpisodesResponse.swift in Sources */,
				C28615892A5EA39E00E3CF85 /* RMEpisodeInfoCollectionViewCellViewModel.swift in Sources */,
				C28615862A5EA37000E3CF85 /* RMEpisodeInfoCollectionViewCell.swift in Sources */,
				C28615782A1E1FA200E3CF85 /* RMEpisodeDetailViewViewModel.swift in Sources */,
				C238A60429C5CC4200F4DC09 /* RMCharacterDetailView.swift in Sources */,
				C2CBBA8A2A80B3540058A83C /* RMLocationViewViewModel.swift in Sources */,
			);
			runOnlyForDeploymentPostprocessing = 0;
		};
/* End PBXSourcesBuildPhase section */

/* Begin PBXVariantGroup section */
		C2F690DE29C0AAB2008A6316 /* LaunchScreen.storyboard */ = {
			isa = PBXVariantGroup;
			children = (
				C2F690DF29C0AAB2008A6316 /* Base */,
			);
			name = LaunchScreen.storyboard;
			sourceTree = "<group>";
		};
/* End PBXVariantGroup section */

/* Begin XCBuildConfiguration section */
		C2F690E229C0AAB2008A6316 /* Debug */ = {
			isa = XCBuildConfiguration;
			buildSettings = {
				ALWAYS_SEARCH_USER_PATHS = NO;
				CLANG_ANALYZER_NONNULL = YES;
				CLANG_ANALYZER_NUMBER_OBJECT_CONVERSION = YES_AGGRESSIVE;
				CLANG_CXX_LANGUAGE_STANDARD = "gnu++20";
				CLANG_ENABLE_MODULES = YES;
				CLANG_ENABLE_OBJC_ARC = YES;
				CLANG_ENABLE_OBJC_WEAK = YES;
				CLANG_WARN_BLOCK_CAPTURE_AUTORELEASING = YES;
				CLANG_WARN_BOOL_CONVERSION = YES;
				CLANG_WARN_COMMA = YES;
				CLANG_WARN_CONSTANT_CONVERSION = YES;
				CLANG_WARN_DEPRECATED_OBJC_IMPLEMENTATIONS = YES;
				CLANG_WARN_DIRECT_OBJC_ISA_USAGE = YES_ERROR;
				CLANG_WARN_DOCUMENTATION_COMMENTS = YES;
				CLANG_WARN_EMPTY_BODY = YES;
				CLANG_WARN_ENUM_CONVERSION = YES;
				CLANG_WARN_INFINITE_RECURSION = YES;
				CLANG_WARN_INT_CONVERSION = YES;
				CLANG_WARN_NON_LITERAL_NULL_CONVERSION = YES;
				CLANG_WARN_OBJC_IMPLICIT_RETAIN_SELF = YES;
				CLANG_WARN_OBJC_LITERAL_CONVERSION = YES;
				CLANG_WARN_OBJC_ROOT_CLASS = YES_ERROR;
				CLANG_WARN_QUOTED_INCLUDE_IN_FRAMEWORK_HEADER = YES;
				CLANG_WARN_RANGE_LOOP_ANALYSIS = YES;
				CLANG_WARN_STRICT_PROTOTYPES = YES;
				CLANG_WARN_SUSPICIOUS_MOVE = YES;
				CLANG_WARN_UNGUARDED_AVAILABILITY = YES_AGGRESSIVE;
				CLANG_WARN_UNREACHABLE_CODE = YES;
				CLANG_WARN__DUPLICATE_METHOD_MATCH = YES;
				COPY_PHASE_STRIP = NO;
				DEBUG_INFORMATION_FORMAT = dwarf;
				ENABLE_STRICT_OBJC_MSGSEND = YES;
				ENABLE_TESTABILITY = YES;
				GCC_C_LANGUAGE_STANDARD = gnu11;
				GCC_DYNAMIC_NO_PIC = NO;
				GCC_NO_COMMON_BLOCKS = YES;
				GCC_OPTIMIZATION_LEVEL = 0;
				GCC_PREPROCESSOR_DEFINITIONS = (
					"DEBUG=1",
					"$(inherited)",
				);
				GCC_WARN_64_TO_32_BIT_CONVERSION = YES;
				GCC_WARN_ABOUT_RETURN_TYPE = YES_ERROR;
				GCC_WARN_UNDECLARED_SELECTOR = YES;
				GCC_WARN_UNINITIALIZED_AUTOS = YES_AGGRESSIVE;
				GCC_WARN_UNUSED_FUNCTION = YES;
				GCC_WARN_UNUSED_VARIABLE = YES;
				IPHONEOS_DEPLOYMENT_TARGET = 16.2;
				MTL_ENABLE_DEBUG_INFO = INCLUDE_SOURCE;
				MTL_FAST_MATH = YES;
				ONLY_ACTIVE_ARCH = YES;
				SDKROOT = iphoneos;
				SWIFT_ACTIVE_COMPILATION_CONDITIONS = DEBUG;
				SWIFT_OPTIMIZATION_LEVEL = "-Onone";
			};
			name = Debug;
		};
		C2F690E329C0AAB2008A6316 /* Release */ = {
			isa = XCBuildConfiguration;
			buildSettings = {
				ALWAYS_SEARCH_USER_PATHS = NO;
				CLANG_ANALYZER_NONNULL = YES;
				CLANG_ANALYZER_NUMBER_OBJECT_CONVERSION = YES_AGGRESSIVE;
				CLANG_CXX_LANGUAGE_STANDARD = "gnu++20";
				CLANG_ENABLE_MODULES = YES;
				CLANG_ENABLE_OBJC_ARC = YES;
				CLANG_ENABLE_OBJC_WEAK = YES;
				CLANG_WARN_BLOCK_CAPTURE_AUTORELEASING = YES;
				CLANG_WARN_BOOL_CONVERSION = YES;
				CLANG_WARN_COMMA = YES;
				CLANG_WARN_CONSTANT_CONVERSION = YES;
				CLANG_WARN_DEPRECATED_OBJC_IMPLEMENTATIONS = YES;
				CLANG_WARN_DIRECT_OBJC_ISA_USAGE = YES_ERROR;
				CLANG_WARN_DOCUMENTATION_COMMENTS = YES;
				CLANG_WARN_EMPTY_BODY = YES;
				CLANG_WARN_ENUM_CONVERSION = YES;
				CLANG_WARN_INFINITE_RECURSION = YES;
				CLANG_WARN_INT_CONVERSION = YES;
				CLANG_WARN_NON_LITERAL_NULL_CONVERSION = YES;
				CLANG_WARN_OBJC_IMPLICIT_RETAIN_SELF = YES;
				CLANG_WARN_OBJC_LITERAL_CONVERSION = YES;
				CLANG_WARN_OBJC_ROOT_CLASS = YES_ERROR;
				CLANG_WARN_QUOTED_INCLUDE_IN_FRAMEWORK_HEADER = YES;
				CLANG_WARN_RANGE_LOOP_ANALYSIS = YES;
				CLANG_WARN_STRICT_PROTOTYPES = YES;
				CLANG_WARN_SUSPICIOUS_MOVE = YES;
				CLANG_WARN_UNGUARDED_AVAILABILITY = YES_AGGRESSIVE;
				CLANG_WARN_UNREACHABLE_CODE = YES;
				CLANG_WARN__DUPLICATE_METHOD_MATCH = YES;
				COPY_PHASE_STRIP = NO;
				DEBUG_INFORMATION_FORMAT = "dwarf-with-dsym";
				ENABLE_NS_ASSERTIONS = NO;
				ENABLE_STRICT_OBJC_MSGSEND = YES;
				GCC_C_LANGUAGE_STANDARD = gnu11;
				GCC_NO_COMMON_BLOCKS = YES;
				GCC_WARN_64_TO_32_BIT_CONVERSION = YES;
				GCC_WARN_ABOUT_RETURN_TYPE = YES_ERROR;
				GCC_WARN_UNDECLARED_SELECTOR = YES;
				GCC_WARN_UNINITIALIZED_AUTOS = YES_AGGRESSIVE;
				GCC_WARN_UNUSED_FUNCTION = YES;
				GCC_WARN_UNUSED_VARIABLE = YES;
				IPHONEOS_DEPLOYMENT_TARGET = 16.2;
				MTL_ENABLE_DEBUG_INFO = NO;
				MTL_FAST_MATH = YES;
				SDKROOT = iphoneos;
				SWIFT_COMPILATION_MODE = wholemodule;
				SWIFT_OPTIMIZATION_LEVEL = "-O";
				VALIDATE_PRODUCT = YES;
			};
			name = Release;
		};
		C2F690E529C0AAB2008A6316 /* Debug */ = {
			isa = XCBuildConfiguration;
			buildSettings = {
				ASSETCATALOG_COMPILER_APPICON_NAME = AppIcon;
				ASSETCATALOG_COMPILER_GLOBAL_ACCENT_COLOR_NAME = AccentColor;
				CODE_SIGN_STYLE = Automatic;
				CURRENT_PROJECT_VERSION = 1;
				DEVELOPMENT_TEAM = CXGC55X5LB;
				GENERATE_INFOPLIST_FILE = YES;
				INFOPLIST_FILE = RickAndMorty/Info.plist;
				INFOPLIST_KEY_UIApplicationSupportsIndirectInputEvents = YES;
				INFOPLIST_KEY_UILaunchStoryboardName = LaunchScreen;
				INFOPLIST_KEY_UISupportedInterfaceOrientations_iPad = "UIInterfaceOrientationPortrait UIInterfaceOrientationPortraitUpsideDown UIInterfaceOrientationLandscapeLeft UIInterfaceOrientationLandscapeRight";
				INFOPLIST_KEY_UISupportedInterfaceOrientations_iPhone = "UIInterfaceOrientationPortrait UIInterfaceOrientationLandscapeLeft UIInterfaceOrientationLandscapeRight";
				LD_RUNPATH_SEARCH_PATHS = (
					"$(inherited)",
					"@executable_path/Frameworks",
				);
				MARKETING_VERSION = 1.0;
				PRODUCT_BUNDLE_IDENTIFIER = com.nurgazyshyrynkhan.RickAndMorty;
				PRODUCT_NAME = "$(TARGET_NAME)";
				SWIFT_EMIT_LOC_STRINGS = YES;
				SWIFT_VERSION = 5.0;
				TARGETED_DEVICE_FAMILY = "1,2";
			};
			name = Debug;
		};
		C2F690E629C0AAB2008A6316 /* Release */ = {
			isa = XCBuildConfiguration;
			buildSettings = {
				ASSETCATALOG_COMPILER_APPICON_NAME = AppIcon;
				ASSETCATALOG_COMPILER_GLOBAL_ACCENT_COLOR_NAME = AccentColor;
				CODE_SIGN_STYLE = Automatic;
				CURRENT_PROJECT_VERSION = 1;
				DEVELOPMENT_TEAM = CXGC55X5LB;
				GENERATE_INFOPLIST_FILE = YES;
				INFOPLIST_FILE = RickAndMorty/Info.plist;
				INFOPLIST_KEY_UIApplicationSupportsIndirectInputEvents = YES;
				INFOPLIST_KEY_UILaunchStoryboardName = LaunchScreen;
				INFOPLIST_KEY_UISupportedInterfaceOrientations_iPad = "UIInterfaceOrientationPortrait UIInterfaceOrientationPortraitUpsideDown UIInterfaceOrientationLandscapeLeft UIInterfaceOrientationLandscapeRight";
				INFOPLIST_KEY_UISupportedInterfaceOrientations_iPhone = "UIInterfaceOrientationPortrait UIInterfaceOrientationLandscapeLeft UIInterfaceOrientationLandscapeRight";
				LD_RUNPATH_SEARCH_PATHS = (
					"$(inherited)",
					"@executable_path/Frameworks",
				);
				MARKETING_VERSION = 1.0;
				PRODUCT_BUNDLE_IDENTIFIER = com.nurgazyshyrynkhan.RickAndMorty;
				PRODUCT_NAME = "$(TARGET_NAME)";
				SWIFT_EMIT_LOC_STRINGS = YES;
				SWIFT_VERSION = 5.0;
				TARGETED_DEVICE_FAMILY = "1,2";
			};
			name = Release;
		};
/* End XCBuildConfiguration section */

/* Begin XCConfigurationList section */
		C2F690CB29C0AAB2008A6316 /* Build configuration list for PBXProject "RickAndMorty" */ = {
			isa = XCConfigurationList;
			buildConfigurations = (
				C2F690E229C0AAB2008A6316 /* Debug */,
				C2F690E329C0AAB2008A6316 /* Release */,
			);
			defaultConfigurationIsVisible = 0;
			defaultConfigurationName = Release;
		};
		C2F690E429C0AAB2008A6316 /* Build configuration list for PBXNativeTarget "RickAndMorty" */ = {
			isa = XCConfigurationList;
			buildConfigurations = (
				C2F690E529C0AAB2008A6316 /* Debug */,
				C2F690E629C0AAB2008A6316 /* Release */,
			);
			defaultConfigurationIsVisible = 0;
			defaultConfigurationName = Release;
		};
/* End XCConfigurationList section */
	};
	rootObject = C2F690C829C0AAB2008A6316 /* Project object */;
}
